version = 1
requires-python = ">=3.12"

[[package]]
name = "aiofiles"
version = "24.1.0"
source = { registry = "https://pypi.org/simple" }
sdist = { url = "https://files.pythonhosted.org/packages/0b/03/a88171e277e8caa88a4c77808c20ebb04ba74cc4681bf1e9416c862de237/aiofiles-24.1.0.tar.gz", hash = "sha256:22a075c9e5a3810f0c2e48f3008c94d68c65d763b9b03857924c99e57355166c", size = 30247 }
wheels = [
    { url = "https://files.pythonhosted.org/packages/a5/45/30bb92d442636f570cb5651bc661f52b610e2eec3f891a5dc3a4c3667db0/aiofiles-24.1.0-py3-none-any.whl", hash = "sha256:b4ec55f4195e3eb5d7abd1bf7e061763e864dd4954231fb8539a0ef8bb8260e5", size = 15896 },
]

[[package]]
name = "aioshutil"
version = "1.5"
source = { registry = "https://pypi.org/simple" }
sdist = { url = "https://files.pythonhosted.org/packages/75/e4/ef86f1777a9bc0c51d50487b471644ae20941afe503591d3a4c86e456dac/aioshutil-1.5.tar.gz", hash = "sha256:2756d6cd3bb03405dc7348ac11a0b60eb949ebd63cdd15f56e922410231c1201", size = 7770 }
wheels = [
    { url = "https://files.pythonhosted.org/packages/18/3d/eb3c7106c4672c19280515b759b674daafd2d570c952e5491faeca157ffd/aioshutil-1.5-py3-none-any.whl", hash = "sha256:bc2a6cdcf1a8615b62f856154fd81131031d03f2834912ebb06d8a2391253652", size = 4657 },
]

[[package]]
name = "altgraph"
version = "0.17.4"
source = { registry = "https://pypi.org/simple" }
sdist = { url = "https://files.pythonhosted.org/packages/de/a8/7145824cf0b9e3c28046520480f207df47e927df83aa9555fb47f8505922/altgraph-0.17.4.tar.gz", hash = "sha256:1b5afbb98f6c4dcadb2e2ae6ab9fa994bbb8c1d75f4fa96d340f9437ae454406", size = 48418 }
wheels = [
    { url = "https://files.pythonhosted.org/packages/4d/3f/3bc3f1d83f6e4a7fcb834d3720544ca597590425be5ba9db032b2bf322a2/altgraph-0.17.4-py2.py3-none-any.whl", hash = "sha256:642743b4750de17e655e6711601b077bc6598dbfa3ba5fa2b2a35ce12b508dff", size = 21212 },
]

[[package]]
name = "basedpyright"
version = "1.21.0"
source = { registry = "https://pypi.org/simple" }
dependencies = [
    { name = "nodejs-wheel-binaries" },
]
sdist = { url = "https://files.pythonhosted.org/packages/94/91/d66f9ece468b3daa2f3d357304c816438be4595006928ea5639fb6b5139e/basedpyright-1.21.0.tar.gz", hash = "sha256:e3a9f5b89acc7f23d5a10d95ea6056b2247fcd15b8b248ad44c560c85c39d5e3", size = 20789741 }
wheels = [
    { url = "https://files.pythonhosted.org/packages/20/f7/97af385e43208d600f892da1b8c94f35d4e9165d5c774013bb202617dd7d/basedpyright-1.21.0-py3-none-any.whl", hash = "sha256:48902c476d6301c556df6eeae9acf1e34b176b14f8702ad5c770f4e6a747018a", size = 11148428 },
]

[[package]]
name = "colorama"
version = "0.4.6"
source = { registry = "https://pypi.org/simple" }
sdist = { url = "https://files.pythonhosted.org/packages/d8/53/6f443c9a4a8358a93a6792e2acffb9d9d5cb0a5cfd8802644b7b1c9a02e4/colorama-0.4.6.tar.gz", hash = "sha256:08695f5cb7ed6e0531a20572697297273c47b8cae5a63ffc6d6ed5c201be6e44", size = 27697 }
wheels = [
    { url = "https://files.pythonhosted.org/packages/d1/d6/3965ed04c63042e047cb6a3e6ed1a63a35087b6a609aa3a15ed8ac56c221/colorama-0.4.6-py2.py3-none-any.whl", hash = "sha256:4f1d9991f5acc0ca119f9d443620b77f9d6b33703e51011c16baf57afb285fc6", size = 25335 },
]

[[package]]
name = "compress-script"
version = "0.1.0"
source = { virtual = "." }
dependencies = [
    { name = "aiofiles" },
    { name = "aioshutil" },
    { name = "filelock" },
    { name = "loguru" },
    { name = "msgspec" },
    { name = "pytimedinput" },
    { name = "rich" },
    { name = "richuru" },
    { name = "rtoml" },
    { name = "tomli-w" },
]

[package.dev-dependencies]
all = [
    { name = "basedpyright" },
    { name = "mypy" },
    { name = "pyinstaller" },
    { name = "ruff" },
    { name = "types-aiofiles" },
]
build = [
    { name = "pyinstaller" },
]
dev = [
    { name = "basedpyright" },
    { name = "mypy" },
    { name = "ruff" },
]
typecheck = [
    { name = "types-aiofiles" },
]

[package.metadata]
requires-dist = [
    { name = "aiofiles", specifier = ">=24.1.0" },
    { name = "aioshutil", specifier = ">=1.5" },
    { name = "filelock", specifier = ">=3.16.0" },
    { name = "loguru", specifier = ">=0.7.2" },
    { name = "msgspec", specifier = ">=0.18.6" },
    { name = "pytimedinput", specifier = ">=2.0.1" },
    { name = "rich", specifier = ">=13.9.4" },
    { name = "richuru", specifier = ">=0.1.1" },
    { name = "rtoml", specifier = ">=0.11.0" },
    { name = "tomli-w", specifier = ">=1.0.0" },
]

[package.metadata.requires-dev]
all = [
    { name = "basedpyright", specifier = ">=1.21.0" },
    { name = "mypy", specifier = ">=1.13.0" },
    { name = "pyinstaller", specifier = ">=6.11.0" },
    { name = "ruff", specifier = ">=0.7.2" },
    { name = "types-aiofiles", specifier = ">=24.1.0.20240626" },
]
build = [{ name = "pyinstaller", specifier = ">=6.11.0" }]
dev = [
    { name = "basedpyright", specifier = ">=1.21.0" },
    { name = "mypy", specifier = ">=1.13.0" },
    { name = "ruff", specifier = ">=0.7.2" },
]
typecheck = [{ name = "types-aiofiles", specifier = ">=24.1.0.20240626" }]

[[package]]
name = "filelock"
version = "3.16.1"
source = { registry = "https://pypi.org/simple" }
sdist = { url = "https://files.pythonhosted.org/packages/9d/db/3ef5bb276dae18d6ec2124224403d1d67bccdbefc17af4cc8f553e341ab1/filelock-3.16.1.tar.gz", hash = "sha256:c249fbfcd5db47e5e2d6d62198e565475ee65e4831e2561c8e313fa7eb961435", size = 18037 }
wheels = [
    { url = "https://files.pythonhosted.org/packages/b9/f8/feced7779d755758a52d1f6635d990b8d98dc0a29fa568bbe0625f18fdf3/filelock-3.16.1-py3-none-any.whl", hash = "sha256:2082e5703d51fbf98ea75855d9d5527e33d8ff23099bec374a134febee6946b0", size = 16163 },
]

[[package]]
name = "loguru"
version = "0.7.2"
source = { registry = "https://pypi.org/simple" }
dependencies = [
    { name = "colorama", marker = "sys_platform == 'win32'" },
    { name = "win32-setctime", marker = "sys_platform == 'win32'" },
]
sdist = { url = "https://files.pythonhosted.org/packages/9e/30/d87a423766b24db416a46e9335b9602b054a72b96a88a241f2b09b560fa8/loguru-0.7.2.tar.gz", hash = "sha256:e671a53522515f34fd406340ee968cb9ecafbc4b36c679da03c18fd8d0bd51ac", size = 145103 }
wheels = [
    { url = "https://files.pythonhosted.org/packages/03/0a/4f6fed21aa246c6b49b561ca55facacc2a44b87d65b8b92362a8e99ba202/loguru-0.7.2-py3-none-any.whl", hash = "sha256:003d71e3d3ed35f0f8984898359d65b79e5b21943f78af86aa5491210429b8eb", size = 62549 },
]

[[package]]
name = "macholib"
version = "1.16.3"
source = { registry = "https://pypi.org/simple" }
dependencies = [
    { name = "altgraph" },
]
sdist = { url = "https://files.pythonhosted.org/packages/95/ee/af1a3842bdd5902ce133bd246eb7ffd4375c38642aeb5dc0ae3a0329dfa2/macholib-1.16.3.tar.gz", hash = "sha256:07ae9e15e8e4cd9a788013d81f5908b3609aa76f9b1421bae9c4d7606ec86a30", size = 59309 }
wheels = [
    { url = "https://files.pythonhosted.org/packages/d1/5d/c059c180c84f7962db0aeae7c3b9303ed1d73d76f2bfbc32bc231c8be314/macholib-1.16.3-py2.py3-none-any.whl", hash = "sha256:0e315d7583d38b8c77e815b1ecbdbf504a8258d8b3e17b61165c6feb60d18f2c", size = 38094 },
]

[[package]]
name = "markdown-it-py"
version = "3.0.0"
source = { registry = "https://pypi.org/simple" }
dependencies = [
    { name = "mdurl" },
]
sdist = { url = "https://files.pythonhosted.org/packages/38/71/3b932df36c1a044d397a1f92d1cf91ee0a503d91e470cbd670aa66b07ed0/markdown-it-py-3.0.0.tar.gz", hash = "sha256:e3f60a94fa066dc52ec76661e37c851cb232d92f9886b15cb560aaada2df8feb", size = 74596 }
wheels = [
    { url = "https://files.pythonhosted.org/packages/42/d7/1ec15b46af6af88f19b8e5ffea08fa375d433c998b8a7639e76935c14f1f/markdown_it_py-3.0.0-py3-none-any.whl", hash = "sha256:355216845c60bd96232cd8d8c40e8f9765cc86f46880e43a8fd22dc1a1a8cab1", size = 87528 },
]

[[package]]
name = "mdurl"
version = "0.1.2"
source = { registry = "https://pypi.org/simple" }
sdist = { url = "https://files.pythonhosted.org/packages/d6/54/cfe61301667036ec958cb99bd3efefba235e65cdeb9c84d24a8293ba1d90/mdurl-0.1.2.tar.gz", hash = "sha256:bb413d29f5eea38f31dd4754dd7377d4465116fb207585f97bf925588687c1ba", size = 8729 }
wheels = [
    { url = "https://files.pythonhosted.org/packages/b3/38/89ba8ad64ae25be8de66a6d463314cf1eb366222074cfda9ee839c56a4b4/mdurl-0.1.2-py3-none-any.whl", hash = "sha256:84008a41e51615a49fc9966191ff91509e3c40b939176e643fd50a5c2196b8f8", size = 9979 },
]

[[package]]
name = "msgspec"
version = "0.18.6"
source = { registry = "https://pypi.org/simple" }
sdist = { url = "https://files.pythonhosted.org/packages/5e/fb/42b1865063fddb14dbcbb6e74e0a366ecf1ba371c4948664dde0b0e10f95/msgspec-0.18.6.tar.gz", hash = "sha256:a59fc3b4fcdb972d09138cb516dbde600c99d07c38fd9372a6ef500d2d031b4e", size = 216757 }
wheels = [
    { url = "https://files.pythonhosted.org/packages/1d/b5/c8fbf1db814eb29eda402952374b594b2559419ba7ec6d0997a9e5687530/msgspec-0.18.6-cp312-cp312-macosx_10_9_x86_64.whl", hash = "sha256:d86f5071fe33e19500920333c11e2267a31942d18fed4d9de5bc2fbab267d28c", size = 202109 },
    { url = "https://files.pythonhosted.org/packages/d7/9a/235d2dbab078a0b8e6f338205dc59be0b027ce000554ee6a9c41b19339e5/msgspec-0.18.6-cp312-cp312-macosx_11_0_arm64.whl", hash = "sha256:ce13981bfa06f5eb126a3a5a38b1976bddb49a36e4f46d8e6edecf33ccf11df1", size = 190281 },
    { url = "https://files.pythonhosted.org/packages/0e/f2/f864ed36a8a62c26b57c3e08d212bd8f3d12a3ca3ef64600be5452aa3c82/msgspec-0.18.6-cp312-cp312-manylinux_2_17_aarch64.manylinux2014_aarch64.whl", hash = "sha256:e97dec6932ad5e3ee1e3c14718638ba333befc45e0661caa57033cd4cc489466", size = 210305 },
    { url = "https://files.pythonhosted.org/packages/73/16/dfef780ced7d690dd5497846ed242ef3e27e319d59d1ddaae816a4f2c15e/msgspec-0.18.6-cp312-cp312-manylinux_2_17_x86_64.manylinux2014_x86_64.whl", hash = "sha256:ad237100393f637b297926cae1868b0d500f764ccd2f0623a380e2bcfb2809ca", size = 212510 },
    { url = "https://files.pythonhosted.org/packages/c1/90/f5b3a788c4b3d92190e3345d1afa3dd107d5f16b8194e1f61b72582ee9bd/msgspec-0.18.6-cp312-cp312-musllinux_1_1_aarch64.whl", hash = "sha256:db1d8626748fa5d29bbd15da58b2d73af25b10aa98abf85aab8028119188ed57", size = 214844 },
    { url = "https://files.pythonhosted.org/packages/ce/0b/d4cc1b09f8dfcc6cc4cc9739c13a86e093fe70257b941ea9feb15df22996/msgspec-0.18.6-cp312-cp312-musllinux_1_1_x86_64.whl", hash = "sha256:d70cb3d00d9f4de14d0b31d38dfe60c88ae16f3182988246a9861259c6722af6", size = 217113 },
    { url = "https://files.pythonhosted.org/packages/3f/76/30d8f152299f65c85c46a2cbeaf95ad1d18516b5ce730acdaef696d4cfe6/msgspec-0.18.6-cp312-cp312-win_amd64.whl", hash = "sha256:1003c20bfe9c6114cc16ea5db9c5466e49fae3d7f5e2e59cb70693190ad34da0", size = 187184 },
]

[[package]]
name = "mypy"
version = "1.13.0"
source = { registry = "https://pypi.org/simple" }
dependencies = [
    { name = "mypy-extensions" },
    { name = "typing-extensions" },
]
sdist = { url = "https://files.pythonhosted.org/packages/e8/21/7e9e523537991d145ab8a0a2fd98548d67646dc2aaaf6091c31ad883e7c1/mypy-1.13.0.tar.gz", hash = "sha256:0291a61b6fbf3e6673e3405cfcc0e7650bebc7939659fdca2702958038bd835e", size = 3152532 }
wheels = [
    { url = "https://files.pythonhosted.org/packages/fb/31/c526a7bd2e5c710ae47717c7a5f53f616db6d9097caf48ad650581e81748/mypy-1.13.0-cp312-cp312-macosx_10_13_x86_64.whl", hash = "sha256:5c7051a3461ae84dfb5dd15eff5094640c61c5f22257c8b766794e6dd85e72d5", size = 11077900 },
    { url = "https://files.pythonhosted.org/packages/83/67/b7419c6b503679d10bd26fc67529bc6a1f7a5f220bbb9f292dc10d33352f/mypy-1.13.0-cp312-cp312-macosx_11_0_arm64.whl", hash = "sha256:39bb21c69a5d6342f4ce526e4584bc5c197fd20a60d14a8624d8743fffb9472e", size = 10074818 },
    { url = "https://files.pythonhosted.org/packages/ba/07/37d67048786ae84e6612575e173d713c9a05d0ae495dde1e68d972207d98/mypy-1.13.0-cp312-cp312-manylinux_2_17_x86_64.manylinux2014_x86_64.manylinux_2_28_x86_64.whl", hash = "sha256:164f28cb9d6367439031f4c81e84d3ccaa1e19232d9d05d37cb0bd880d3f93c2", size = 12589275 },
    { url = "https://files.pythonhosted.org/packages/1f/17/b1018c6bb3e9f1ce3956722b3bf91bff86c1cefccca71cec05eae49d6d41/mypy-1.13.0-cp312-cp312-musllinux_1_1_x86_64.whl", hash = "sha256:a4c1bfcdbce96ff5d96fc9b08e3831acb30dc44ab02671eca5953eadad07d6d0", size = 13037783 },
    { url = "https://files.pythonhosted.org/packages/cb/32/cd540755579e54a88099aee0287086d996f5a24281a673f78a0e14dba150/mypy-1.13.0-cp312-cp312-win_amd64.whl", hash = "sha256:a0affb3a79a256b4183ba09811e3577c5163ed06685e4d4b46429a271ba174d2", size = 9726197 },
    { url = "https://files.pythonhosted.org/packages/11/bb/ab4cfdc562cad80418f077d8be9b4491ee4fb257440da951b85cbb0a639e/mypy-1.13.0-cp313-cp313-macosx_10_13_x86_64.whl", hash = "sha256:a7b44178c9760ce1a43f544e595d35ed61ac2c3de306599fa59b38a6048e1aa7", size = 11069721 },
    { url = "https://files.pythonhosted.org/packages/59/3b/a393b1607cb749ea2c621def5ba8c58308ff05e30d9dbdc7c15028bca111/mypy-1.13.0-cp313-cp313-macosx_11_0_arm64.whl", hash = "sha256:5d5092efb8516d08440e36626f0153b5006d4088c1d663d88bf79625af3d1d62", size = 10063996 },
    { url = "https://files.pythonhosted.org/packages/d1/1f/6b76be289a5a521bb1caedc1f08e76ff17ab59061007f201a8a18cc514d1/mypy-1.13.0-cp313-cp313-manylinux_2_17_x86_64.manylinux2014_x86_64.manylinux_2_28_x86_64.whl", hash = "sha256:de2904956dac40ced10931ac967ae63c5089bd498542194b436eb097a9f77bc8", size = 12584043 },
    { url = "https://files.pythonhosted.org/packages/a6/83/5a85c9a5976c6f96e3a5a7591aa28b4a6ca3a07e9e5ba0cec090c8b596d6/mypy-1.13.0-cp313-cp313-musllinux_1_1_x86_64.whl", hash = "sha256:7bfd8836970d33c2105562650656b6846149374dc8ed77d98424b40b09340ba7", size = 13036996 },
    { url = "https://files.pythonhosted.org/packages/b4/59/c39a6f752f1f893fccbcf1bdd2aca67c79c842402b5283563d006a67cf76/mypy-1.13.0-cp313-cp313-win_amd64.whl", hash = "sha256:9f73dba9ec77acb86457a8fc04b5239822df0c14a082564737833d2963677dbc", size = 9737709 },
    { url = "https://files.pythonhosted.org/packages/3b/86/72ce7f57431d87a7ff17d442f521146a6585019eb8f4f31b7c02801f78ad/mypy-1.13.0-py3-none-any.whl", hash = "sha256:9c250883f9fd81d212e0952c92dbfcc96fc237f4b7c92f56ac81fd48460b3e5a", size = 2647043 },
]

[[package]]
name = "mypy-extensions"
version = "1.0.0"
source = { registry = "https://pypi.org/simple" }
sdist = { url = "https://files.pythonhosted.org/packages/98/a4/1ab47638b92648243faf97a5aeb6ea83059cc3624972ab6b8d2316078d3f/mypy_extensions-1.0.0.tar.gz", hash = "sha256:75dbf8955dc00442a438fc4d0666508a9a97b6bd41aa2f0ffe9d2f2725af0782", size = 4433 }
wheels = [
    { url = "https://files.pythonhosted.org/packages/2a/e2/5d3f6ada4297caebe1a2add3b126fe800c96f56dbe5d1988a2cbe0b267aa/mypy_extensions-1.0.0-py3-none-any.whl", hash = "sha256:4392f6c0eb8a5668a69e23d168ffa70f0be9ccfd32b5cc2d26a34ae5b844552d", size = 4695 },
]

[[package]]
name = "nodejs-wheel-binaries"
version = "22.11.0"
source = { registry = "https://pypi.org/simple" }
sdist = { url = "https://files.pythonhosted.org/packages/b7/29/1ae5b1d715cb0a3d72ca09cacc4f75d274010bddb2372c61b981a068e47d/nodejs_wheel_binaries-22.11.0.tar.gz", hash = "sha256:e67f4e4a646bba24baa2150460c9cfbde0f75169ba37e58a2341930a5c1456ee", size = 7004 }
wheels = [
    { url = "https://files.pythonhosted.org/packages/a5/16/4cd2c0791567ee7b0203c3c6b59341854f0aeecb7315159d634c2b54b6d4/nodejs_wheel_binaries-22.11.0-py2.py3-none-macosx_11_0_arm64.whl", hash = "sha256:00afada277fd6e945a74f881831aaf1bb7f853a15e15e8c998238ab88d327f6a", size = 50288370 },
    { url = "https://files.pythonhosted.org/packages/c9/94/0677ace2cdd1a7ce61d7b2fedafb76818aaee94c14e817fd990f45f4f125/nodejs_wheel_binaries-22.11.0-py2.py3-none-macosx_11_0_x86_64.whl", hash = "sha256:f29471263d65a66520a04a0e74ff641a775df1135283f0b4d1826048932b289d", size = 51107812 },
    { url = "https://files.pythonhosted.org/packages/d4/69/a3d4c761044de8cedd962b20ed4ae4d8a574b4e3e015f8a111549b815b62/nodejs_wheel_binaries-22.11.0-py2.py3-none-manylinux_2_17_aarch64.manylinux2014_aarch64.whl", hash = "sha256:bd2ff0e20389f22927e311ccab69c1ecb34c3431fa809d1548e7000dc8248680", size = 56384790 },
    { url = "https://files.pythonhosted.org/packages/d8/16/e34cf573096e7b25c85829e99f7e47d6cda0a6cdc4bd078d6bcdcb4dc979/nodejs_wheel_binaries-22.11.0-py2.py3-none-manylinux_2_17_x86_64.manylinux2014_x86_64.whl", hash = "sha256:a9545cc43f1ba2c9f467f3444e9cd7f8db059933be1a5215135610dee5b38bf3", size = 56713946 },
    { url = "https://files.pythonhosted.org/packages/a6/8a/ec28fe41159f51d9147d141d446305ce0494cb79966b79cd308c6bea9911/nodejs_wheel_binaries-22.11.0-py2.py3-none-musllinux_1_2_x86_64.whl", hash = "sha256:43a277cbabf4b68e0a4798578a4f17e5f518ada1f79a174bfde06eb2bb47e730", size = 58814450 },
    { url = "https://files.pythonhosted.org/packages/68/69/f0dbbf72c8bdd9149ee00427c282d392da7fad9c53bd96f4844c2ab9021c/nodejs_wheel_binaries-22.11.0-py2.py3-none-win_amd64.whl", hash = "sha256:8310ab182ee159141e08c85bc07f11e67ac3044922e6e4958f4a8f3ba6860185", size = 39331516 },
]

[[package]]
name = "packaging"
version = "24.1"
source = { registry = "https://pypi.org/simple" }
sdist = { url = "https://files.pythonhosted.org/packages/51/65/50db4dda066951078f0a96cf12f4b9ada6e4b811516bf0262c0f4f7064d4/packaging-24.1.tar.gz", hash = "sha256:026ed72c8ed3fcce5bf8950572258698927fd1dbda10a5e981cdf0ac37f4f002", size = 148788 }
wheels = [
    { url = "https://files.pythonhosted.org/packages/08/aa/cc0199a5f0ad350994d660967a8efb233fe0416e4639146c089643407ce6/packaging-24.1-py3-none-any.whl", hash = "sha256:5b8f2217dbdbd2f7f384c41c628544e6d52f2d0f53c6d0c3ea61aa5d1d7ff124", size = 53985 },
]

[[package]]
name = "pefile"
version = "2023.2.7"
source = { registry = "https://pypi.org/simple" }
sdist = { url = "https://files.pythonhosted.org/packages/78/c5/3b3c62223f72e2360737fd2a57c30e5b2adecd85e70276879609a7403334/pefile-2023.2.7.tar.gz", hash = "sha256:82e6114004b3d6911c77c3953e3838654b04511b8b66e8583db70c65998017dc", size = 74854 }
wheels = [
    { url = "https://files.pythonhosted.org/packages/55/26/d0ad8b448476d0a1e8d3ea5622dc77b916db84c6aa3cb1e1c0965af948fc/pefile-2023.2.7-py3-none-any.whl", hash = "sha256:da185cd2af68c08a6cd4481f7325ed600a88f6a813bad9dea07ab3ef73d8d8d6", size = 71791 },
]

[[package]]
name = "pygments"
version = "2.18.0"
source = { registry = "https://pypi.org/simple" }
sdist = { url = "https://files.pythonhosted.org/packages/8e/62/8336eff65bcbc8e4cb5d05b55faf041285951b6e80f33e2bff2024788f31/pygments-2.18.0.tar.gz", hash = "sha256:786ff802f32e91311bff3889f6e9a86e81505fe99f2735bb6d60ae0c5004f199", size = 4891905 }
wheels = [
    { url = "https://files.pythonhosted.org/packages/f7/3f/01c8b82017c199075f8f788d0d906b9ffbbc5a47dc9918a945e13d5a2bda/pygments-2.18.0-py3-none-any.whl", hash = "sha256:b8e6aca0523f3ab76fee51799c488e38782ac06eafcf95e7ba832985c8e7b13a", size = 1205513 },
]

[[package]]
name = "pyinstaller"
version = "6.11.0"
source = { registry = "https://pypi.org/simple" }
dependencies = [
    { name = "altgraph" },
    { name = "macholib", marker = "sys_platform == 'darwin'" },
    { name = "packaging" },
    { name = "pefile", marker = "sys_platform == 'win32'" },
    { name = "pyinstaller-hooks-contrib" },
    { name = "pywin32-ctypes", marker = "sys_platform == 'win32'" },
    { name = "setuptools" },
]
sdist = { url = "https://files.pythonhosted.org/packages/b0/98/170e3117657366560f355c154a5f4e1b9e6aee53c4f35127fe0c9aecb0e9/pyinstaller-6.11.0.tar.gz", hash = "sha256:cb4d433a3db30d9d17cf5f2cf7bb4df80a788d493c1d67dd822dc5791d9864af", size = 4245274 }
wheels = [
    { url = "https://files.pythonhosted.org/packages/4a/c5/17e1d226035d4fbc154908c12d96ab7ee385f8d788c96085adc912dbed5b/pyinstaller-6.11.0-py3-none-macosx_10_13_universal2.whl", hash = "sha256:6fd68a3c1207635c49326c54881b89d5c3bd9ba061bbc9daa58c0902db1be39e", size = 844428 },
    { url = "https://files.pythonhosted.org/packages/88/13/f15bc608d6c2cfcfb6f4628cd885e0f82da121210a375279a2bfac3c4c08/pyinstaller-6.11.0-py3-none-manylinux2014_aarch64.whl", hash = "sha256:eddd53f231e51adc65088eac4f40057ca803a990239828d4a9229407fb866239", size = 709617 },
    { url = "https://files.pythonhosted.org/packages/2e/ca/7276e3a19a9ab378eecafbcbead9183b344267c380e3a9c18b3040fd331d/pyinstaller-6.11.0-py3-none-manylinux2014_i686.whl", hash = "sha256:e6d229009e815542833fe00332b589aa6984a06f794dc16f2ce1acab1c567590", size = 711883 },
    { url = "https://files.pythonhosted.org/packages/68/7a/59f690b142db96f378e24c72a8a396ea2af6a41e66b06ebba9427d0b12fd/pyinstaller-6.11.0-py3-none-manylinux2014_ppc64le.whl", hash = "sha256:7d2cd2ebdcd6860f8a4abe2977264a7b6d260a7147047008971c7cfc66a656a4", size = 717051 },
    { url = "https://files.pythonhosted.org/packages/66/d4/30e27bca5d1ee919b3ea2c727315892ebae2dad32203771c66ca42eefac2/pyinstaller-6.11.0-py3-none-manylinux2014_s390x.whl", hash = "sha256:d9ec6d4398b4eebc1d4c00437716264ba8406bc2746f594e253070a82378a584", size = 707434 },
    { url = "https://files.pythonhosted.org/packages/58/a7/0e925c9e4351872e95e3cf96e58c859ecd43152aee29211d79ec9becb26e/pyinstaller-6.11.0-py3-none-manylinux2014_x86_64.whl", hash = "sha256:04f71828aa9531ab18c9656985c1f09b83d10332c73a1f4a113a48b491906955", size = 707917 },
    { url = "https://files.pythonhosted.org/packages/d6/c8/05980cdaf7124b26114acd80568d3f74c515057cc1c86886025e8b09a3df/pyinstaller-6.11.0-py3-none-musllinux_1_1_aarch64.whl", hash = "sha256:a843d470768d68b05684ccf4860c45b2eb13727f41667c0b2cd8f57ae231bd18", size = 712337 },
    { url = "https://files.pythonhosted.org/packages/7b/8f/357afd2b1b76961e43f727e7e2f8c01760b2f1497b0279ed4fdf4fe7e35e/pyinstaller-6.11.0-py3-none-musllinux_1_1_x86_64.whl", hash = "sha256:963dedc1f37144a4385f58f7f65f1c69c004a67faae522a2085b5ddb230c908b", size = 708315 },
    { url = "https://files.pythonhosted.org/packages/d5/4c/4e2c10b746e5cedf806c2df3a890faf2506cb4388e94672d59374d8dc17f/pyinstaller-6.11.0-py3-none-win32.whl", hash = "sha256:c71024c8a19c7b221b9152b2baff4c3ba849cada68dcdd34382ba09f0107451f", size = 1277392 },
    { url = "https://files.pythonhosted.org/packages/f0/45/8e609d66361cfd17ba89e07ae5ed1ca858d084e47f0fad3f9c277c96801b/pyinstaller-6.11.0-py3-none-win_amd64.whl", hash = "sha256:0e229610c22b96d741d905706f9496af472c1a9216a118988f393c98ecc3f51f", size = 1337562 },
    { url = "https://files.pythonhosted.org/packages/26/77/203dda3d02fe5c899ffbbdb1942f0adc750dabbe25e5a1558354fc672dd8/pyinstaller-6.11.0-py3-none-win_arm64.whl", hash = "sha256:a5f716bb507517912fda39d109dead91fc0dd2e7b2859562522b63c61aa21676", size = 1264356 },
]

[[package]]
name = "pyinstaller-hooks-contrib"
version = "2024.9"
source = { registry = "https://pypi.org/simple" }
dependencies = [
    { name = "packaging" },
    { name = "setuptools" },
]
sdist = { url = "https://files.pythonhosted.org/packages/fe/ca/218b8dc15d48e69fafef69a97a4455db7a01c01aea4eb4bf1ae8a6ad7ef9/pyinstaller_hooks_contrib-2024.9.tar.gz", hash = "sha256:4793869f370d1dc4806c101efd2890e3c3e703467d8d27bb5a3db005ebfb008d", size = 139956 }
wheels = [
    { url = "https://files.pythonhosted.org/packages/57/b4/23338112c76750f494a2fded981d40ebd723585b2b6eadde6a821ddc7208/pyinstaller_hooks_contrib-2024.9-py3-none-any.whl", hash = "sha256:1ddf9ba21d586afa84e505bb5c65fca10b22500bf3fdb89ee2965b99da53b891", size = 336956 },
]

[[package]]
name = "pytimedinput"
version = "2.0.1"
source = { registry = "https://pypi.org/simple" }
sdist = { url = "https://files.pythonhosted.org/packages/1f/22/4a13155366e99d78809bb05a92ee7644e5ca9e2d973ccb29cc304ce66c62/pytimedinput-2.0.1.tar.gz", hash = "sha256:f680c9a51a5677ffd0d15334628eb2e9e15ddad4a2d9222e00bf6c0d77768f41", size = 5740 }
wheels = [
    { url = "https://files.pythonhosted.org/packages/e3/12/2f7379e94fd521d7b965ab18ca494e82e71fe26ea8744684421ddc9b9423/pytimedinput-2.0.1-py3-none-any.whl", hash = "sha256:dcef8f5ce713f59cace8dc45e4dfc0e5c7369d44d533d4fbb772fa84ca36a110", size = 6069 },
]

[[package]]
name = "pywin32-ctypes"
version = "0.2.3"
source = { registry = "https://pypi.org/simple" }
sdist = { url = "https://files.pythonhosted.org/packages/85/9f/01a1a99704853cb63f253eea009390c88e7131c67e66a0a02099a8c917cb/pywin32-ctypes-0.2.3.tar.gz", hash = "sha256:d162dc04946d704503b2edc4d55f3dba5c1d539ead017afa00142c38b9885755", size = 29471 }
wheels = [
    { url = "https://files.pythonhosted.org/packages/de/3d/8161f7711c017e01ac9f008dfddd9410dff3674334c233bde66e7ba65bbf/pywin32_ctypes-0.2.3-py3-none-any.whl", hash = "sha256:8a1513379d709975552d202d942d9837758905c8d01eb82b8bcc30918929e7b8", size = 30756 },
]

[[package]]
name = "rich"
version = "13.9.4"
source = { registry = "https://pypi.org/simple" }
dependencies = [
    { name = "markdown-it-py" },
    { name = "pygments" },
]
sdist = { url = "https://files.pythonhosted.org/packages/ab/3a/0316b28d0761c6734d6bc14e770d85506c986c85ffb239e688eeaab2c2bc/rich-13.9.4.tar.gz", hash = "sha256:439594978a49a09530cff7ebc4b5c7103ef57baf48d5ea3184f21d9a2befa098", size = 223149 }
wheels = [
    { url = "https://files.pythonhosted.org/packages/19/71/39c7c0d87f8d4e6c020a393182060eaefeeae6c01dab6a84ec346f2567df/rich-13.9.4-py3-none-any.whl", hash = "sha256:6049d5e6ec054bf2779ab3358186963bac2ea89175919d699e378b99738c2a90", size = 242424 },
]

[[package]]
name = "richuru"
version = "0.1.1"
source = { registry = "https://pypi.org/simple" }
dependencies = [
    { name = "loguru" },
    { name = "rich" },
]
sdist = { url = "https://files.pythonhosted.org/packages/ce/7c/c9d4c0b541c9c6ba7d1898fb1886aad5a0d5dea43237a3154a9143d511b9/richuru-0.1.1.tar.gz", hash = "sha256:815816f3a0142b67c53bd424fcced0821aa1104b5386301cff47fc7bbb6d90ea", size = 4199 }
wheels = [
    { url = "https://files.pythonhosted.org/packages/97/75/2c59747e6a68e7e1f3df65b1133c03b27fd889c6e975a8539570bf5a9b68/richuru-0.1.1-py3-none-any.whl", hash = "sha256:e73d43913a372d741ff61106001b5e6adfa24c6d0665dd390328a33e34cd210d", size = 4445 },
]

[[package]]
name = "rtoml"
version = "0.11.0"
source = { registry = "https://pypi.org/simple" }
sdist = { url = "https://files.pythonhosted.org/packages/c8/67/ca8b92b2b8aa231d427999609dd289e6bc8511b4a6871e2b533871c9b3e3/rtoml-0.11.0.tar.gz", hash = "sha256:a1d1ec36261c47169934a6c0f713a6cdf917604b3f72a72a809c3a68384255d4", size = 23759 }
wheels = [
    { url = "https://files.pythonhosted.org/packages/d1/36/69c9c078d8821b0801e14898b2fc92da53185db2f683dd0faf78c66fad7e/rtoml-0.11.0-cp312-cp312-macosx_10_12_x86_64.whl", hash = "sha256:34c4fd6e6465e6de84ac499e19ae3e4b0d4cd3f9763d1a72a75bd2ef4d0e466a", size = 315058 },
    { url = "https://files.pythonhosted.org/packages/5a/ac/25f7b10168fa7ed25a3b28450c66a8be7e37c019721bc5f228237474c6a0/rtoml-0.11.0-cp312-cp312-macosx_11_0_arm64.whl", hash = "sha256:0095bc482788d39c6c3e2f9f3a6f7a8149ee1cefe624129e2afc90512d8f16b7", size = 307112 },
    { url = "https://files.pythonhosted.org/packages/26/43/f1cac9c12a752e3a83f66317f7947f37f1ec5828848cbbb99e37d84a7915/rtoml-0.11.0-cp312-cp312-manylinux_2_17_aarch64.manylinux2014_aarch64.whl", hash = "sha256:d90b06a36325c9ae6e273669d811aa0e6b8ae41fa9ffe3949f02ef1870dc0ad5", size = 348241 },
    { url = "https://files.pythonhosted.org/packages/39/ea/b6ef0c18b635c6332929ac2198186afeae36d9d33a8d68513af7cd1a0ccb/rtoml-0.11.0-cp312-cp312-manylinux_2_17_armv7l.manylinux2014_armv7l.whl", hash = "sha256:902148f2bd13b4c64d2c5ed576910c5a0a2c86dc052f4e31ca1855131ee157c8", size = 355577 },
    { url = "https://files.pythonhosted.org/packages/00/d3/ac534011c12df090d44cce2cbaf023de90c0eba0dc83e74e375989c8cb2c/rtoml-0.11.0-cp312-cp312-manylinux_2_17_ppc64le.manylinux2014_ppc64le.whl", hash = "sha256:d84bbdad28e24f66b8ad632fb7cbec64b921fdff48bf57f4f7179648726f7e54", size = 372476 },
    { url = "https://files.pythonhosted.org/packages/25/c9/db4cebaed3789c8d4333d362ed327dd1ba791f4004d6e440470d3239899e/rtoml-0.11.0-cp312-cp312-manylinux_2_17_s390x.manylinux2014_s390x.whl", hash = "sha256:4b1d4d4b8d765cf5228e5def9c39837d5b70c6e51422e05b975898c8a765fd1e", size = 497329 },
    { url = "https://files.pythonhosted.org/packages/8b/7e/28f5e4fa9a3aee864b34d774cf4130c84f5c3f075b56ce6116bb2ed3df29/rtoml-0.11.0-cp312-cp312-manylinux_2_17_x86_64.manylinux2014_x86_64.whl", hash = "sha256:8b900dcdf2068105b81b1ded3342dad952e3ea7d4a949473a690c686116a1730", size = 341121 },
    { url = "https://files.pythonhosted.org/packages/84/10/05b794e781c05b5bce4837e4f9a99cbc69f9f1da3b13cf36db37b26d5108/rtoml-0.11.0-cp312-cp312-manylinux_2_5_i686.manylinux1_i686.whl", hash = "sha256:4a491ad282b918292812518a61f432d6becf1b4a965d9c6595b7f00b1b722e61", size = 351976 },
    { url = "https://files.pythonhosted.org/packages/94/e0/67e8dabd5253ae8364150e475c60e09caddbb31e3f43a51e3dbf3982ff37/rtoml-0.11.0-cp312-cp312-musllinux_1_1_aarch64.whl", hash = "sha256:d5ccbe43af82f17efed273b517e29febbd8225dab9a314f5728465b61a34781a", size = 526442 },
    { url = "https://files.pythonhosted.org/packages/e9/89/de40a48005025c20b392b5fba5d88427b92ebcbc09892ec37cc51daa8d14/rtoml-0.11.0-cp312-cp312-musllinux_1_1_x86_64.whl", hash = "sha256:4125260584290461825abac23dafb34048dcbedaf9fafea913b5f0b1691c1ad0", size = 512134 },
    { url = "https://files.pythonhosted.org/packages/27/d3/20e26214e4736c10653477b1bd616c5f2a79571495c28dec725bbbae7cfb/rtoml-0.11.0-cp312-none-win32.whl", hash = "sha256:6e42385f510458f68587051a533cd0161653e1f2b381400a4873eab6f706940b", size = 217810 },
    { url = "https://files.pythonhosted.org/packages/df/7b/8d908a634ba31c27f8fe38a030e9406064960e1b87053bd45da683166044/rtoml-0.11.0-cp312-none-win_amd64.whl", hash = "sha256:fdce3405e50ba73a45acdf36a793e3563da04fc913c53d54852c5d6cf1eb6d25", size = 226747 },
    { url = "https://files.pythonhosted.org/packages/87/53/01fcd15027bee67947d1965bf610f7f68b9c037ffb833eaf91ec16a394fb/rtoml-0.11.0-cp312-none-win_arm64.whl", hash = "sha256:affc854919b46555f37d1408cb67f06f7453744bf1c5c1c53b69ed8b5227a28d", size = 218370 },
]

[[package]]
name = "ruff"
version = "0.7.2"
source = { registry = "https://pypi.org/simple" }
sdist = { url = "https://files.pythonhosted.org/packages/95/51/231bb3790e5b0b9fd4131f9a231d73d061b3667522e3f406fd9b63334d0e/ruff-0.7.2.tar.gz", hash = "sha256:2b14e77293380e475b4e3a7a368e14549288ed2931fce259a6f99978669e844f", size = 3210036 }
wheels = [
    { url = "https://files.pythonhosted.org/packages/5c/56/0caa2b5745d66a39aa239c01059f6918fc76ed8380033d2f44bf297d141d/ruff-0.7.2-py3-none-linux_armv6l.whl", hash = "sha256:b73f873b5f52092e63ed540adefc3c36f1f803790ecf2590e1df8bf0a9f72cb8", size = 10373973 },
    { url = "https://files.pythonhosted.org/packages/1a/33/cad6ff306731f335d481c50caa155b69a286d5b388e87ff234cd2a4b3557/ruff-0.7.2-py3-none-macosx_10_12_x86_64.whl", hash = "sha256:5b813ef26db1015953daf476202585512afd6a6862a02cde63f3bafb53d0b2d4", size = 10171140 },
    { url = "https://files.pythonhosted.org/packages/97/f5/6a2ca5c9ba416226eac9cf8121a1baa6f06655431937e85f38ffcb9d0d01/ruff-0.7.2-py3-none-macosx_11_0_arm64.whl", hash = "sha256:853277dbd9675810c6826dad7a428d52a11760744508340e66bf46f8be9701d9", size = 9809333 },
    { url = "https://files.pythonhosted.org/packages/16/83/e3e87f13d1a1dc205713632978cd7bc287a59b08bc95780dbe359b9aefcb/ruff-0.7.2-py3-none-manylinux_2_17_aarch64.manylinux2014_aarch64.whl", hash = "sha256:21aae53ab1490a52bf4e3bf520c10ce120987b047c494cacf4edad0ba0888da2", size = 10622987 },
    { url = "https://files.pythonhosted.org/packages/22/16/97ccab194480e99a2e3c77ae132b3eebfa38c2112747570c403a4a13ba3a/ruff-0.7.2-py3-none-manylinux_2_17_armv7l.manylinux2014_armv7l.whl", hash = "sha256:ccc7e0fc6e0cb3168443eeadb6445285abaae75142ee22b2b72c27d790ab60ba", size = 10184640 },
    { url = "https://files.pythonhosted.org/packages/97/1b/82ff05441b036f68817296c14f24da47c591cb27acfda473ee571a5651ac/ruff-0.7.2-py3-none-manylinux_2_17_i686.manylinux2014_i686.whl", hash = "sha256:fd77877a4e43b3a98e5ef4715ba3862105e299af0c48942cc6d51ba3d97dc859", size = 11210203 },
    { url = "https://files.pythonhosted.org/packages/a6/96/7ecb30a7ef7f942e2d8e0287ad4c1957dddc6c5097af4978c27cfc334f97/ruff-0.7.2-py3-none-manylinux_2_17_ppc64.manylinux2014_ppc64.whl", hash = "sha256:e00163fb897d35523c70d71a46fbaa43bf7bf9af0f4534c53ea5b96b2e03397b", size = 11870894 },
    { url = "https://files.pythonhosted.org/packages/06/6a/c716bb126218227f8e604a9c484836257708a05ee3d2ebceb666ff3d3867/ruff-0.7.2-py3-none-manylinux_2_17_ppc64le.manylinux2014_ppc64le.whl", hash = "sha256:f3c54b538633482dc342e9b634d91168fe8cc56b30a4b4f99287f4e339103e88", size = 11449533 },
    { url = "https://files.pythonhosted.org/packages/e6/2f/3a5f9f9478904e5ae9506ea699109070ead1e79aac041e872cbaad8a7458/ruff-0.7.2-py3-none-manylinux_2_17_s390x.manylinux2014_s390x.whl", hash = "sha256:7b792468e9804a204be221b14257566669d1db5c00d6bb335996e5cd7004ba80", size = 12607919 },
    { url = "https://files.pythonhosted.org/packages/a0/57/4642e57484d80d274750dcc872ea66655bbd7e66e986fede31e1865b463d/ruff-0.7.2-py3-none-manylinux_2_17_x86_64.manylinux2014_x86_64.whl", hash = "sha256:dba53ed84ac19ae4bfb4ea4bf0172550a2285fa27fbb13e3746f04c80f7fa088", size = 11016915 },
    { url = "https://files.pythonhosted.org/packages/4d/6d/59be6680abee34c22296ae3f46b2a3b91662b8b18ab0bf388b5eb1355c97/ruff-0.7.2-py3-none-musllinux_1_2_aarch64.whl", hash = "sha256:b19fafe261bf741bca2764c14cbb4ee1819b67adb63ebc2db6401dcd652e3748", size = 10625424 },
    { url = "https://files.pythonhosted.org/packages/82/e7/f6a643683354c9bc7879d2f228ee0324fea66d253de49273a0814fba1927/ruff-0.7.2-py3-none-musllinux_1_2_armv7l.whl", hash = "sha256:28bd8220f4d8f79d590db9e2f6a0674f75ddbc3847277dd44ac1f8d30684b828", size = 10233692 },
    { url = "https://files.pythonhosted.org/packages/d7/48/b4e02fc835cd7ed1ee7318d9c53e48bcf6b66301f55925a7dcb920e45532/ruff-0.7.2-py3-none-musllinux_1_2_i686.whl", hash = "sha256:9fd67094e77efbea932e62b5d2483006154794040abb3a5072e659096415ae1e", size = 10751825 },
    { url = "https://files.pythonhosted.org/packages/1e/06/6c5ee6ab7bb4cbad9e8bb9b2dd0d818c759c90c1c9e057c6ed70334b97f4/ruff-0.7.2-py3-none-musllinux_1_2_x86_64.whl", hash = "sha256:576305393998b7bd6c46018f8104ea3a9cb3fa7908c21d8580e3274a3b04b691", size = 11074811 },
    { url = "https://files.pythonhosted.org/packages/a1/16/8969304f25bcd0e4af1778342e63b715e91db8a2dbb51807acd858cba915/ruff-0.7.2-py3-none-win32.whl", hash = "sha256:fa993cfc9f0ff11187e82de874dfc3611df80852540331bc85c75809c93253a8", size = 8650268 },
    { url = "https://files.pythonhosted.org/packages/d9/18/c4b00d161def43fe5968e959039c8f6ce60dca762cec4a34e4e83a4210a0/ruff-0.7.2-py3-none-win_amd64.whl", hash = "sha256:dd8800cbe0254e06b8fec585e97554047fb82c894973f7ff18558eee33d1cb88", size = 9433693 },
    { url = "https://files.pythonhosted.org/packages/7f/7b/c920673ac01c19814dd15fc617c02301c522f3d6812ca2024f4588ed4549/ruff-0.7.2-py3-none-win_arm64.whl", hash = "sha256:bb8368cd45bba3f57bb29cbb8d64b4a33f8415d0149d2655c5c8539452ce7760", size = 8735845 },
]

[[package]]
name = "setuptools"
version = "75.2.0"
source = { registry = "https://pypi.org/simple" }
sdist = { url = "https://files.pythonhosted.org/packages/07/37/b31be7e4b9f13b59cde9dcaeff112d401d49e0dc5b37ed4a9fc8fb12f409/setuptools-75.2.0.tar.gz", hash = "sha256:753bb6ebf1f465a1912e19ed1d41f403a79173a9acf66a42e7e6aec45c3c16ec", size = 1350308 }
wheels = [
    { url = "https://files.pythonhosted.org/packages/31/2d/90165d51ecd38f9a02c6832198c13a4e48652485e2ccf863ebb942c531b6/setuptools-75.2.0-py3-none-any.whl", hash = "sha256:a7fcb66f68b4d9e8e66b42f9876150a3371558f98fa32222ffaa5bced76406f8", size = 1249825 },
]

[[package]]
name = "tomli-w"
version = "1.1.0"
source = { registry = "https://pypi.org/simple" }
sdist = { url = "https://files.pythonhosted.org/packages/d4/19/b65f1a088ee23e37cdea415b357843eca8b1422a7b11a9eee6e35d4ec273/tomli_w-1.1.0.tar.gz", hash = "sha256:49e847a3a304d516a169a601184932ef0f6b61623fe680f836a2aa7128ed0d33", size = 6929 }
wheels = [
    { url = "https://files.pythonhosted.org/packages/c4/ac/ce90573ba446a9bbe65838ded066a805234d159b4446ae9f8ec5bbd36cbd/tomli_w-1.1.0-py3-none-any.whl", hash = "sha256:1403179c78193e3184bfaade390ddbd071cba48a32a2e62ba11aae47490c63f7", size = 6440 },
]

[[package]]
name = "types-aiofiles"
version = "24.1.0.20240626"
source = { registry = "https://pypi.org/simple" }
sdist = { url = "https://files.pythonhosted.org/packages/13/e9/013940b017c313c2e15c64017268fdb0c25e0638621fb8a5d9ebe00fb0f4/types-aiofiles-24.1.0.20240626.tar.gz", hash = "sha256:48604663e24bc2d5038eac05ccc33e75799b0779e93e13d6a8f711ddc306ac08", size = 9357 }
wheels = [
    { url = "https://files.pythonhosted.org/packages/c3/ad/c4b3275d21c5be79487c4f6ed7cd13336997746fe099236cb29256a44a90/types_aiofiles-24.1.0.20240626-py3-none-any.whl", hash = "sha256:7939eca4a8b4f9c6491b6e8ef160caee9a21d32e18534a57d5ed90aee47c66b4", size = 9389 },
]

[[package]]
name = "typing-extensions"
version = "4.12.2"
source = { registry = "https://pypi.org/simple" }
sdist = { url = "https://files.pythonhosted.org/packages/df/db/f35a00659bc03fec321ba8bce9420de607a1d37f8342eee1863174c69557/typing_extensions-4.12.2.tar.gz", hash = "sha256:1a7ead55c7e559dd4dee8856e3a88b41225abfe1ce8df57b7c13915fe121ffb8", size = 85321 }
wheels = [
    { url = "https://files.pythonhosted.org/packages/26/9f/ad63fc0248c5379346306f8668cda6e2e2e9c95e01216d2b8ffd9ff037d0/typing_extensions-4.12.2-py3-none-any.whl", hash = "sha256:04e5ca0351e0f3f85c6853954072df659d0d13fac324d0072316b67d7794700d", size = 37438 },
]

[[package]]
name = "win32-setctime"
version = "1.1.0"
source = { registry = "https://pypi.org/simple" }
sdist = { url = "https://files.pythonhosted.org/packages/6b/dd/f95a13d2b235a28d613ba23ebad55191514550debb968b46aab99f2e3a30/win32_setctime-1.1.0.tar.gz", hash = "sha256:15cf5750465118d6929ae4de4eb46e8edae9a5634350c01ba582df868e932cb2", size = 3676 }
wheels = [
    { url = "https://files.pythonhosted.org/packages/0a/e6/a7d828fef907843b2a5773ebff47fb79ac0c1c88d60c0ca9530ee941e248/win32_setctime-1.1.0-py3-none-any.whl", hash = "sha256:231db239e959c2fe7eb1d7dc129f11172354f98361c4fa2d6d2d7e278baa8aad", size = 3604 },
]
